
Microsoft Visual Studio Solution File, Format Version 12.00
# Visual Studio Version 17
VisualStudioVersion = 17.5.33516.290
MinimumVisualStudioVersion = 10.0.40219.1
Project("{FAE04EC0-301F-11D3-BF4B-00C04F79EFBC}") = "RotativaConWebAPI", "RotativaConWebAPI.csproj", "{9AD5E791-2C79-4118-8F69-20E15BDDD4F7}"
EndProject
Global
	GlobalSection(SolutionConfigurationPlatforms) = preSolution
		Debug|Any CPU = Debug|Any CPU
		Release|Any CPU = Release|Any CPU
	EndGlobalSection
	GlobalSection(ProjectConfigurationPlatforms) = postSolution
		{9AD5E791-2C79-4118-8F69-20E15BDDD4F7}.Debug|Any CPU.ActiveCfg = Debug|Any CPU
		{9AD5E791-2C79-4118-8F69-20E15BDDD4F7}.Debug|Any CPU.Build.0 = Debug|Any CPU
		{9AD5E791-2C79-4118-8F69-20E15BDDD4F7}.Release|Any CPU.ActiveCfg = Release|Any CPU
		{9AD5E791-2C79-4118-8F69-20E15BDDD4F7}.Release|Any CPU.Build.0 = Release|Any CPU
	EndGlobalSection
	GlobalSection(SolutionProperties) = preSolution
		HideSolutionNode = FALSE
	EndGlobalSection
	GlobalSection(ExtensibilityGlobals) = postSolution
		SolutionGuid = {740ED897-B05B-4A4F-AE82-F6400D98D453}
	EndGlobalSection
EndGlobal
